
Microsoft Visual Studio Solution File, Format Version 12.00
# Visual Studio Version 16
VisualStudioVersion = 16.0.30907.101
MinimumVisualStudioVersion = 10.0.40219.1
Project("{FAE04EC0-301F-11D3-BF4B-00C04F79EFBC}") = "RabbitMQ.Producer", "RabbitMQ.Producer\RabbitMQ.Producer.csproj", "{61E1E53C-6982-45B7-9343-902E90476142}"
EndProject
Global
	GlobalSection(SolutionConfigurationPlatforms) = preSolution
		Debug|Any CPU = Debug|Any CPU
		Release|Any CPU = Release|Any CPU
	EndGlobalSection
	GlobalSection(ProjectConfigurationPlatforms) = postSolution
		{61E1E53C-6982-45B7-9343-902E90476142}.Debug|Any CPU.ActiveCfg = Debug|Any CPU
		{61E1E53C-6982-45B7-9343-902E90476142}.Debug|Any CPU.Build.0 = Debug|Any CPU
		{61E1E53C-6982-45B7-9343-902E90476142}.Release|Any CPU.ActiveCfg = Release|Any CPU
		{61E1E53C-6982-45B7-9343-902E90476142}.Release|Any CPU.Build.0 = Release|Any CPU
	EndGlobalSection
	GlobalSection(SolutionProperties) = preSolution
		HideSolutionNode = FALSE
	EndGlobalSection
	GlobalSection(ExtensibilityGlobals) = postSolution
		SolutionGuid = {F91FE032-F4E8-4181-BC60-F58BD2076C7E}
	EndGlobalSection
EndGlobal
